{
  "name": "react_project_1",
  "lockfileVersion": 3,
  "requires": true,
  "packages": {
    "": {
      "dependencies": {
        "colorname": "^1.2.0",
        "colornames": "^1.1.1"
      }
    },
    "node_modules/anglicize": {
      "version": "0.0.5",
      "resolved": "https://registry.npmjs.org/anglicize/-/anglicize-0.0.5.tgz",
      "integrity": "sha512-RL52GeamnCWw0jZG6n2eyZ09HX2bi6B3NJMSmUT6ueK/Vakow8awCbl6zZcjFP1zOEcwQLT6Zt6Fdf2LzQFxqA==",
      "license": "BSD",
      "bin": {
        "anglicize": "bin/anglicize"
      }
    },
    "node_modules/color": {
      "version": "0.5.0",
      "resolved": "https://registry.npmjs.org/color/-/color-0.5.0.tgz",
      "integrity": "sha512-ukBfZjHPBC/Zjxdu2ILQBjz1IPQHRBoDEKd8ycQflO+dzgW30eNsZISD8JhtiBF+t2xjc34JfdvoUpioK5b1Gg==",
      "dependencies": {
        "color-convert": "0.2.x",
        "color-string": "0.1.x"
      }
    },
    "node_modules/color-convert": {
      "version": "0.2.1",
      "resolved": "https://registry.npmjs.org/color-convert/-/color-convert-0.2.1.tgz",
      "integrity": "sha512-FWbwpCgyRV41Vml0iKU9UmL0dVTKORnm7ZC8h8cdfvutk2bU7ZcMLtSleggScK/IpUVXILg9Pw86LhPUQyTaVg==",
      "engines": {
        "node": "*"
      }
    },
    "node_modules/color-string": {
      "version": "0.1.3",
      "resolved": "https://registry.npmjs.org/color-string/-/color-string-0.1.3.tgz",
      "integrity": "sha512-ERkoOp/s/VSrQ5OyH1Gs9LCgFWnTlQXUqAaGNBJzV2gjuunWuxISth8lOaDqfPfDIjiR9MI7WrzH1hDNRVOCfQ==",
      "dependencies": {
        "color-convert": "0.2.x"
      }
    },
    "node_modules/colorname": {
      "version": "1.2.0",
      "resolved": "https://registry.npmjs.org/colorname/-/colorname-1.2.0.tgz",
      "integrity": "sha512-xXM/3nTBPq0ZXJXBV1EfrcNjy5kPbvlD4ku/A969ZvinL3ifdL5FBGlx1/XPKgcLiiKlnDdbczaNJcJAr5FKhQ==",
      "license": "MIT",
      "dependencies": {
        "color": "~0.5.0",
        "optimist": "~0.6.1",
        "variable-name": "0.0.1"
      },
      "bin": {
        "colorname": "bin/colorname.js"
      }
    },
    "node_modules/colornames": {
      "version": "1.1.1",
      "resolved": "https://registry.npmjs.org/colornames/-/colornames-1.1.1.tgz",
      "integrity": "sha512-/pyV40IrsdulWv+wFPmERh9k/mjsPZ64yUMDmWrtj/k1nmgrzzIENWKdaVKyBbvFdQWqkcaRxr+polCo3VMe7A==",
      "license": "MIT"
    },
    "node_modules/minimist": {
      "version": "0.0.10",
      "resolved": "https://registry.npmjs.org/minimist/-/minimist-0.0.10.tgz",
      "integrity": "sha512-iotkTvxc+TwOm5Ieim8VnSNvCDjCK9S8G3scJ50ZthspSxa7jx50jkhYduuAtAjvfDUwSgOwf8+If99AlOEhyw==",
      "license": "MIT"
    },
    "node_modules/optimist": {
      "version": "0.6.1",
      "resolved": "https://registry.npmjs.org/optimist/-/optimist-0.6.1.tgz",
      "integrity": "sha512-snN4O4TkigujZphWLN0E//nQmm7790RYaE53DdL7ZYwee2D8DDo9/EyYiKUfN3rneWUjhJnueija3G9I2i0h3g==",
      "license": "MIT/X11",
      "dependencies": {
        "minimist": "~0.0.1",
        "wordwrap": "~0.0.2"
      }
    },
    "node_modules/variable-name": {
      "version": "0.0.1",
      "resolved": "https://registry.npmjs.org/variable-name/-/variable-name-0.0.1.tgz",
      "integrity": "sha512-/lt4jtaO9RLbeEOfi6MmYqbylIRpneZkqdumvaz46+LqoWjHFWuAF+38i7ivWQo1cwf2mT5wbYLfFswbb8+agw==",
      "license": "BSD",
      "dependencies": {
        "anglicize": "0.0.5"
      }
    },
    "node_modules/wordwrap": {
      "version": "0.0.3",
      "resolved": "https://registry.npmjs.org/wordwrap/-/wordwrap-0.0.3.tgz",
      "integrity": "sha512-1tMA907+V4QmxV7dbRvb4/8MaRALK6q9Abid3ndMYnbyo8piisCmeONVqVSXqQA3KaP4SLt5b7ud6E2sqP8TFw==",
      "license": "MIT",
      "engines": {
        "node": ">=0.4.0"
      }
    }
  }
}
